{
  "version": 4,
  "terraform_version": "1.12.2",
  "serial": 5,
  "lineage": "feef0e02-5b03-abb6-20ed-b80059a36fb7",
  "outputs": {
    "acr_login_server": {
      "value": "acrnultcashiertest.azurecr.io",
      "type": "string"
    },
    "backend_url": {
      "value": "ca-nult-cashier-backend.politehill-dfca30c7.eastasia.azurecontainerapps.io",
      "type": "string"
    }
  },
  "resources": [
    {
      "mode": "managed",
      "type": "azurerm_container_app",
      "name": "app",
      "provider": "provider[\"registry.terraform.io/hashicorp/azurerm\"]",
      "instances": [
        {
          "schema_version": 0,
          "attributes": {
            "container_app_environment_id": "/subscriptions/33ec68a6-22a4-4ae4-84da-fa8a82cc7694/resourceGroups/rg-nult-cashier-test/providers/Microsoft.App/managedEnvironments/cae-nult-cashier",
            "custom_domain_verification_id": "D3225469D68DF6792F2C86C87C982D6F37101D580ED1F488662A56BB0EFD9847",
            "dapr": [],
            "id": "/subscriptions/33ec68a6-22a4-4ae4-84da-fa8a82cc7694/resourceGroups/rg-nult-cashier-test/providers/Microsoft.App/containerApps/ca-nult-cashier-backend",
            "identity": [],
            "ingress": [
              {
                "allow_insecure_connections": false,
                "custom_domain": [],
                "exposed_port": 0,
                "external_enabled": true,
                "fqdn": "ca-nult-cashier-backend.politehill-dfca30c7.eastasia.azurecontainerapps.io",
                "ip_security_restriction": [],
                "target_port": 7860,
                "traffic_weight": [
                  {
                    "label": "",
                    "latest_revision": true,
                    "percentage": 100,
                    "revision_suffix": ""
                  }
                ],
                "transport": "auto"
              }
            ],
            "latest_revision_fqdn": "ca-nult-cashier-backend--f1hjzaq.politehill-dfca30c7.eastasia.azurecontainerapps.io",
            "latest_revision_name": "ca-nult-cashier-backend--f1hjzaq",
            "location": "eastasia",
            "name": "ca-nult-cashier-backend",
            "outbound_ip_addresses": [
              "20.239.116.82",
              "20.239.117.15",
              "20.239.117.29",
              "20.239.117.113",
              "20.247.40.35",
              "20.6.177.176",
              "20.255.43.216",
              "20.239.233.12",
              "20.247.40.168",
              "20.255.113.126",
              "20.255.212.172",
              "20.255.186.215",
              "20.6.160.45",
              "20.239.244.204",
              "4.144.40.7",
              "20.239.246.61",
              "20.255.104.137",
              "20.239.245.49",
              "20.6.155.117",
              "4.191.79.216",
              "4.192.74.154",
              "4.192.74.189",
              "4.192.73.235",
              "20.239.245.239",
              "20.255.185.135",
              "4.144.36.9",
              "4.144.37.120",
              "4.144.59.105",
              "20.6.155.178",
              "4.192.75.21",
              "20.255.191.146",
              "4.144.32.45",
              "20.239.120.19",
              "4.144.32.51",
              "20.255.45.243",
              "20.255.211.30",
              "4.144.66.197",
              "20.6.176.90",
              "4.144.32.52",
              "20.239.223.60",
              "20.6.176.61",
              "20.255.133.45",
              "104.208.123.163",
              "4.144.26.254",
              "20.239.222.41",
              "20.239.223.11",
              "57.158.76.54",
              "20.255.133.137",
              "4.144.6.135",
              "20.6.176.66",
              "4.144.6.161",
              "57.158.76.161",
              "4.144.67.16",
              "104.208.120.193",
              "4.144.67.42",
              "20.239.36.63",
              "4.144.66.192",
              "20.255.191.46",
              "20.255.133.68",
              "20.255.45.234",
              "20.255.191.151",
              "20.239.120.8",
              "4.144.6.141",
              "20.255.132.101",
              "20.255.133.19",
              "57.158.76.73",
              "104.208.123.162",
              "20.255.124.73",
              "20.255.211.88",
              "4.144.27.8",
              "20.255.211.106",
              "4.144.27.0",
              "4.144.66.180",
              "4.144.26.226",
              "4.144.27.2",
              "20.247.45.188",
              "4.144.32.46",
              "20.239.2.90",
              "20.6.163.244",
              "4.144.66.198",
              "20.24.118.146",
              "20.24.118.114",
              "20.239.96.151",
              "20.24.118.177",
              "4.191.76.61",
              "4.191.76.1",
              "4.144.44.222",
              "4.144.45.4",
              "20.6.149.223",
              "20.6.179.93",
              "20.255.130.69",
              "20.2.50.68",
              "4.144.38.77",
              "20.255.120.249",
              "20.255.130.110",
              "20.255.130.116",
              "20.2.50.109",
              "20.255.216.151",
              "4.192.75.28",
              "4.144.42.55",
              "20.255.112.178",
              "20.255.42.70",
              "20.255.104.232",
              "20.255.130.200",
              "20.255.216.201",
              "20.239.233.121",
              "4.144.37.131",
              "20.255.104.166",
              "20.255.120.242",
              "4.191.79.31",
              "4.144.65.25",
              "20.239.34.50",
              "20.255.129.20",
              "20.247.44.227",
              "4.144.6.29",
              "20.255.129.158",
              "20.255.129.64",
              "20.247.45.23",
              "20.255.129.126",
              "20.255.127.146",
              "20.239.218.100",
              "57.158.74.238",
              "57.158.74.113",
              "20.247.45.68",
              "20.239.115.201",
              "57.158.74.242",
              "4.144.5.124",
              "57.158.74.236",
              "4.144.26.29",
              "57.158.75.2",
              "20.239.25.89",
              "20.239.217.30",
              "20.255.43.217",
              "20.255.127.64",
              "20.24.127.184",
              "20.255.136.169",
              "20.239.243.99",
              "20.6.160.208",
              "20.6.161.137",
              "20.24.127.144",
              "20.239.218.22",
              "20.239.243.86",
              "20.239.243.89",
              "4.144.2.94",
              "20.239.115.196",
              "20.247.44.234",
              "20.239.243.63",
              "4.144.6.14",
              "20.247.44.23",
              "20.6.161.183",
              "20.255.44.0",
              "20.247.43.254",
              "20.239.33.210",
              "20.255.43.195",
              "4.144.25.230",
              "20.247.45.103",
              "4.144.65.144",
              "20.255.128.15",
              "20.247.45.54",
              "20.255.42.193",
              "20.255.42.185"
            ],
            "registry": [
              {
                "identity": "",
                "password_secret_name": "acr-password",
                "server": "acrnultcashiertest.azurecr.io",
                "username": "acrnultcashiertest"
              }
            ],
            "resource_group_name": "rg-nult-cashier-test",
            "revision_mode": "Single",
            "secret": [
              {
                "identity": "",
                "key_vault_secret_id": "",
                "name": "acr-password",
                "value": "B9UzsextfIJFxLkAvgmEUSocM2t21YSu7iXe6C9CbRWTA5dvwNK5JQQJ99CEAC3pKaREqg7NAAACAZCRi249"
              },
              {
                "identity": "",
                "key_vault_secret_id": "",
                "name": "database-url",
                "value": "postgresql+asyncpg://postgres.mvjlfzelnfuzncdvfqkk:8vQYsxSdh0IsztjD@aws-1-ap-south-1.pooler.supabase.com:5432/postgres?sslmode=require"
              }
            ],
            "tags": null,
            "template": [
              {
                "azure_queue_scale_rule": [],
                "container": [
                  {
                    "args": null,
                    "command": null,
                    "cpu": 0.25,
                    "env": [
                      {
                        "name": "DATABASE_URL",
                        "secret_name": "database-url",
                        "value": ""
                      },
                      {
                        "name": "DATABASE_SCHEMA",
                        "secret_name": "",
                        "value": "cashier_app"
                      }
                    ],
                    "ephemeral_storage": "1Gi",
                    "image": "mcr.microsoft.com/azuredocs/aci-helloworld:latest",
                    "liveness_probe": [],
                    "memory": "0.5Gi",
                    "name": "python-backend",
                    "readiness_probe": [],
                    "startup_probe": [],
                    "volume_mounts": []
                  }
                ],
                "custom_scale_rule": [],
                "http_scale_rule": [],
                "init_container": [],
                "max_replicas": 10,
                "min_replicas": 0,
                "revision_suffix": "",
                "tcp_scale_rule": [],
                "volume": []
              }
            ],
            "timeouts": null,
            "workload_profile_name": "Consumption"
          },
          "sensitive_attributes": [
            [
              {
                "type": "get_attr",
                "value": "custom_domain_verification_id"
              }
            ],
            [
              {
                "type": "get_attr",
                "value": "secret"
              }
            ]
          ],
          "identity_schema_version": 0,
          "private": "eyJlMmJmYjczMC1lY2FhLTExZTYtOGY4OC0zNDM2M2JjN2M0YzAiOnsiY3JlYXRlIjoxODAwMDAwMDAwMDAwLCJkZWxldGUiOjE4MDAwMDAwMDAwMDAsInJlYWQiOjMwMDAwMDAwMDAwMCwidXBkYXRlIjoxODAwMDAwMDAwMDAwfX0=",
          "dependencies": [
            "azurerm_container_app_environment.env",
            "azurerm_container_registry.acr",
            "azurerm_resource_group.rg"
          ]
        }
      ]
    },
    {
      "mode": "managed",
      "type": "azurerm_container_app_environment",
      "name": "env",
      "provider": "provider[\"registry.terraform.io/hashicorp/azurerm\"]",
      "instances": [
        {
          "schema_version": 0,
          "attributes": {
            "custom_domain_verification_id": "D3225469D68DF6792F2C86C87C982D6F37101D580ED1F488662A56BB0EFD9847",
            "dapr_application_insights_connection_string": "",
            "default_domain": "politehill-dfca30c7.eastasia.azurecontainerapps.io",
            "docker_bridge_cidr": "",
            "id": "/subscriptions/33ec68a6-22a4-4ae4-84da-fa8a82cc7694/resourceGroups/rg-nult-cashier-test/providers/Microsoft.App/managedEnvironments/cae-nult-cashier",
            "infrastructure_resource_group_name": "",
            "infrastructure_subnet_id": "",
            "internal_load_balancer_enabled": false,
            "location": "eastasia",
            "log_analytics_workspace_id": "",
            "mutual_tls_enabled": false,
            "name": "cae-nult-cashier",
            "platform_reserved_cidr": "",
            "platform_reserved_dns_ip_address": "",
            "resource_group_name": "rg-nult-cashier-test",
            "static_ip_address": "20.6.156.197",
            "tags": null,
            "timeouts": null,
            "workload_profile": [],
            "zone_redundancy_enabled": false
          },
          "sensitive_attributes": [
            [
              {
                "type": "get_attr",
                "value": "dapr_application_insights_connection_string"
              }
            ]
          ],
          "identity_schema_version": 0,
          "private": "eyJlMmJmYjczMC1lY2FhLTExZTYtOGY4OC0zNDM2M2JjN2M0YzAiOnsiY3JlYXRlIjoxODAwMDAwMDAwMDAwLCJkZWxldGUiOjE4MDAwMDAwMDAwMDAsInJlYWQiOjMwMDAwMDAwMDAwMCwidXBkYXRlIjoxODAwMDAwMDAwMDAwfX0=",
          "dependencies": [
            "azurerm_resource_group.rg"
          ]
        }
      ]
    },
    {
      "mode": "managed",
      "type": "azurerm_container_registry",
      "name": "acr",
      "provider": "provider[\"registry.terraform.io/hashicorp/azurerm\"]",
      "instances": [
        {
          "schema_version": 2,
          "attributes": {
            "admin_enabled": true,
            "admin_password": "B9UzsextfIJFxLkAvgmEUSocM2t21YSu7iXe6C9CbRWTA5dvwNK5JQQJ99CEAC3pKaREqg7NAAACAZCRi249",
            "admin_username": "acrnultcashiertest",
            "anonymous_pull_enabled": false,
            "data_endpoint_enabled": false,
            "encryption": [
              {
                "enabled": false,
                "identity_client_id": "",
                "key_vault_key_id": ""
              }
            ],
            "export_policy_enabled": true,
            "georeplications": [],
            "id": "/subscriptions/33ec68a6-22a4-4ae4-84da-fa8a82cc7694/resourceGroups/rg-nult-cashier-test/providers/Microsoft.ContainerRegistry/registries/acrnultcashiertest",
            "identity": [],
            "location": "eastasia",
            "login_server": "acrnultcashiertest.azurecr.io",
            "name": "acrnultcashiertest",
            "network_rule_bypass_option": "AzureServices",
            "network_rule_set": [],
            "public_network_access_enabled": true,
            "quarantine_policy_enabled": false,
            "resource_group_name": "rg-nult-cashier-test",
            "retention_policy": [
              {
                "days": 7,
                "enabled": false
              }
            ],
            "sku": "Basic",
            "tags": null,
            "timeouts": null,
            "trust_policy": [
              {
                "enabled": false
              }
            ],
            "zone_redundancy_enabled": false
          },
          "sensitive_attributes": [
            [
              {
                "type": "get_attr",
                "value": "admin_password"
              }
            ]
          ],
          "identity_schema_version": 0,
          "private": "eyJlMmJmYjczMC1lY2FhLTExZTYtOGY4OC0zNDM2M2JjN2M0YzAiOnsiY3JlYXRlIjoxODAwMDAwMDAwMDAwLCJkZWxldGUiOjE4MDAwMDAwMDAwMDAsInJlYWQiOjMwMDAwMDAwMDAwMCwidXBkYXRlIjoxODAwMDAwMDAwMDAwfSwic2NoZW1hX3ZlcnNpb24iOiIyIn0=",
          "dependencies": [
            "azurerm_resource_group.rg"
          ]
        }
      ]
    },
    {
      "mode": "managed",
      "type": "azurerm_resource_group",
      "name": "rg",
      "provider": "provider[\"registry.terraform.io/hashicorp/azurerm\"]",
      "instances": [
        {
          "schema_version": 0,
          "attributes": {
            "id": "/subscriptions/33ec68a6-22a4-4ae4-84da-fa8a82cc7694/resourceGroups/rg-nult-cashier-test",
            "location": "eastasia",
            "managed_by": "",
            "name": "rg-nult-cashier-test",
            "tags": null,
            "timeouts": null
          },
          "sensitive_attributes": [],
          "identity_schema_version": 0,
          "private": "eyJlMmJmYjczMC1lY2FhLTExZTYtOGY4OC0zNDM2M2JjN2M0YzAiOnsiY3JlYXRlIjo1NDAwMDAwMDAwMDAwLCJkZWxldGUiOjU0MDAwMDAwMDAwMDAsInJlYWQiOjMwMDAwMDAwMDAwMCwidXBkYXRlIjo1NDAwMDAwMDAwMDAwfX0="
        }
      ]
    }
  ],
  "check_results": null
}
